
Microsoft Visual Studio Solution File, Format Version 12.00
# Visual Studio Version 17
VisualStudioVersion = 17.11.35327.3
MinimumVisualStudioVersion = 10.0.40219.1
Project("{FAE04EC0-301F-11D3-BF4B-00C04F79EFBC}") = "Quanlykho", "Quanlykho\Quanlykho.csproj", "{EB3CA832-4554-4657-ACA0-B10728589CC1}"
EndProject
Global
	GlobalSection(SolutionConfigurationPlatforms) = preSolution
		Debug|Any CPU = Debug|Any CPU
		Release|Any CPU = Release|Any CPU
	EndGlobalSection
	GlobalSection(ProjectConfigurationPlatforms) = postSolution
		{EB3CA832-4554-4657-ACA0-B10728589CC1}.Debug|Any CPU.ActiveCfg = Debug|Any CPU
		{EB3CA832-4554-4657-ACA0-B10728589CC1}.Debug|Any CPU.Build.0 = Debug|Any CPU
		{EB3CA832-4554-4657-ACA0-B10728589CC1}.Release|Any CPU.ActiveCfg = Release|Any CPU
		{EB3CA832-4554-4657-ACA0-B10728589CC1}.Release|Any CPU.Build.0 = Release|Any CPU
	EndGlobalSection
	GlobalSection(SolutionProperties) = preSolution
		HideSolutionNode = FALSE
	EndGlobalSection
	GlobalSection(ExtensibilityGlobals) = postSolution
		SolutionGuid = {A34D4985-2627-4617-A5C9-EEE774575124}
	EndGlobalSection
EndGlobal
